
Microsoft Visual Studio Solution File, Format Version 12.00
# Visual Studio Version 17
VisualStudioVersion = 17.6.33712.159
MinimumVisualStudioVersion = 10.0.40219.1
Project("{FAE04EC0-301F-11D3-BF4B-00C04F79EFBC}") = "ClinicPresentationLayer", "ClinicPresentationLayer.csproj", "{DFEBEB66-B548-41CB-AB37-CE747ABF2E8B}"
EndProject
Project("{FAE04EC0-301F-11D3-BF4B-00C04F79EFBC}") = "ClinicDataLayer", "ClinicDataLayer\ClinicDataLayer.csproj", "{025F0E99-3A72-4090-8310-FCE16E870AA7}"
EndProject
Project("{FAE04EC0-301F-11D3-BF4B-00C04F79EFBC}") = "ClinicBusinessLayer", "ClinicBusinessLayer\ClinicBusinessLayer.csproj", "{ABCD8163-FBEC-4484-83AD-5E413DEF80AA}"
EndProject
Global
	GlobalSection(SolutionConfigurationPlatforms) = preSolution
		Debug|Any CPU = Debug|Any CPU
		Release|Any CPU = Release|Any CPU
	EndGlobalSection
	GlobalSection(ProjectConfigurationPlatforms) = postSolution
		{DFEBEB66-B548-41CB-AB37-CE747ABF2E8B}.Debug|Any CPU.ActiveCfg = Debug|Any CPU
		{DFEBEB66-B548-41CB-AB37-CE747ABF2E8B}.Debug|Any CPU.Build.0 = Debug|Any CPU
		{DFEBEB66-B548-41CB-AB37-CE747ABF2E8B}.Release|Any CPU.ActiveCfg = Release|Any CPU
		{DFEBEB66-B548-41CB-AB37-CE747ABF2E8B}.Release|Any CPU.Build.0 = Release|Any CPU
		{025F0E99-3A72-4090-8310-FCE16E870AA7}.Debug|Any CPU.ActiveCfg = Debug|Any CPU
		{025F0E99-3A72-4090-8310-FCE16E870AA7}.Debug|Any CPU.Build.0 = Debug|Any CPU
		{025F0E99-3A72-4090-8310-FCE16E870AA7}.Release|Any CPU.ActiveCfg = Release|Any CPU
		{025F0E99-3A72-4090-8310-FCE16E870AA7}.Release|Any CPU.Build.0 = Release|Any CPU
		{ABCD8163-FBEC-4484-83AD-5E413DEF80AA}.Debug|Any CPU.ActiveCfg = Debug|Any CPU
		{ABCD8163-FBEC-4484-83AD-5E413DEF80AA}.Debug|Any CPU.Build.0 = Debug|Any CPU
		{ABCD8163-FBEC-4484-83AD-5E413DEF80AA}.Release|Any CPU.ActiveCfg = Release|Any CPU
		{ABCD8163-FBEC-4484-83AD-5E413DEF80AA}.Release|Any CPU.Build.0 = Release|Any CPU
	EndGlobalSection
	GlobalSection(SolutionProperties) = preSolution
		HideSolutionNode = FALSE
	EndGlobalSection
	GlobalSection(ExtensibilityGlobals) = postSolution
		SolutionGuid = {7524E043-12CE-49F8-AA92-D63F89A714F4}
	EndGlobalSection
EndGlobal
